// !$*UTF8*$!
{
	archiveVersion = 1;
	classes = {
	};
	objectVersion = 46;
	objects = {

/* Begin PBXBuildFile section */
		BFFE79B81E52CE1400B1629A /* main.swift in Sources */ = {isa = PBXBuildFile; fileRef = BFFE79B71E52CE1400B1629A /* main.swift */; };
		BFFE79C11E52CE1E00B1629A /* Simulator.m in Sources */ = {isa = PBXBuildFile; fileRef = BFFE79C01E52CE1E00B1629A /* Simulator.m */; };
		BFFE79C31E52CE5200B1629A /* FUEvent.swift in Sources */ = {isa = PBXBuildFile; fileRef = BFFE79C21E52CE5200B1629A /* FUEvent.swift */; };
		BFFE79C51E52CE5D00B1629A /* FUWindow.swift in Sources */ = {isa = PBXBuildFile; fileRef = BFFE79C41E52CE5D00B1629A /* FUWindow.swift */; };
		BFFE79C71E52CE6800B1629A /* FUApplication.swift in Sources */ = {isa = PBXBuildFile; fileRef = BFFE79C61E52CE6800B1629A /* FUApplication.swift */; };
		BFFE79C91E52CF4000B1629A /* FUResponder.swift in Sources */ = {isa = PBXBuildFile; fileRef = BFFE79C81E52CF4000B1629A /* FUResponder.swift */; };
		BFFE79CB1E52D05E00B1629A /* FUView.swift in Sources */ = {isa = PBXBuildFile; fileRef = BFFE79CA1E52D05E00B1629A /* FUView.swift */; };
		BFFE79CD1E52D12D00B1629A /* FUColor.swift in Sources */ = {isa = PBXBuildFile; fileRef = BFFE79CC1E52D12D00B1629A /* FUColor.swift */; };
		BFFE79CF1E52D1AF00B1629A /* FUSprite.swift in Sources */ = {isa = PBXBuildFile; fileRef = BFFE79CE1E52D1AF00B1629A /* FUSprite.swift */; };
		BFFE79D11E52D23400B1629A /* FUButton.swift in Sources */ = {isa = PBXBuildFile; fileRef = BFFE79D01E52D23400B1629A /* FUButton.swift */; };
		BFFE79D31E52D36600B1629A /* Game.swift in Sources */ = {isa = PBXBuildFile; fileRef = BFFE79D21E52D36600B1629A /* Game.swift */; };
/* End PBXBuildFile section */

/* Begin PBXCopyFilesBuildPhase section */
		BFFE79B21E52CE1400B1629A /* CopyFiles */ = {
			isa = PBXCopyFilesBuildPhase;
			buildActionMask = 2147483647;
			dstPath = /usr/share/man/man1/;
			dstSubfolderSpec = 0;
			files = (
			);
			runOnlyForDeploymentPostprocessing = 1;
		};
/* End PBXCopyFilesBuildPhase section */

/* Begin PBXFileReference section */
		BFEEF44E1E557D9700A421DF /* readme.md */ = {isa = PBXFileReference; lastKnownFileType = net.daringfireball.markdown; path = readme.md; sourceTree = "<group>"; };
		BFFE79B41E52CE1400B1629A /* FUKit */ = {isa = PBXFileReference; explicitFileType = "compiled.mach-o.executable"; includeInIndex = 0; path = FUKit; sourceTree = BUILT_PRODUCTS_DIR; };
		BFFE79B71E52CE1400B1629A /* main.swift */ = {isa = PBXFileReference; lastKnownFileType = sourcecode.swift; path = main.swift; sourceTree = "<group>"; };
		BFFE79BE1E52CE1D00B1629A /* FUKit-Bridging-Header.h */ = {isa = PBXFileReference; lastKnownFileType = sourcecode.c.h; path = "FUKit-Bridging-Header.h"; sourceTree = "<group>"; };
		BFFE79BF1E52CE1E00B1629A /* Simulator.h */ = {isa = PBXFileReference; fileEncoding = 4; lastKnownFileType = sourcecode.c.h; path = Simulator.h; sourceTree = "<group>"; };
		BFFE79C01E52CE1E00B1629A /* Simulator.m */ = {isa = PBXFileReference; fileEncoding = 4; lastKnownFileType = sourcecode.c.objc; path = Simulator.m; sourceTree = "<group>"; };
		BFFE79C21E52CE5200B1629A /* FUEvent.swift */ = {isa = PBXFileReference; fileEncoding = 4; lastKnownFileType = sourcecode.swift; path = FUEvent.swift; sourceTree = "<group>"; };
		BFFE79C41E52CE5D00B1629A /* FUWindow.swift */ = {isa = PBXFileReference; fileEncoding = 4; lastKnownFileType = sourcecode.swift; path = FUWindow.swift; sourceTree = "<group>"; };
		BFFE79C61E52CE6800B1629A /* FUApplication.swift */ = {isa = PBXFileReference; fileEncoding = 4; lastKnownFileType = sourcecode.swift; path = FUApplication.swift; sourceTree = "<group>"; };
		BFFE79C81E52CF4000B1629A /* FUResponder.swift */ = {isa = PBXFileReference; fileEncoding = 4; lastKnownFileType = sourcecode.swift; path = FUResponder.swift; sourceTree = "<group>"; };
		BFFE79CA1E52D05E00B1629A /* FUView.swift */ = {isa = PBXFileReference; fileEncoding = 4; lastKnownFileType = sourcecode.swift; path = FUView.swift; sourceTree = "<group>"; };
		BFFE79CC1E52D12D00B1629A /* FUColor.swift */ = {isa = PBXFileReference; fileEncoding = 4; lastKnownFileType = sourcecode.swift; path = FUColor.swift; sourceTree = "<group>"; };
		BFFE79CE1E52D1AF00B1629A /* FUSprite.swift */ = {isa = PBXFileReference; fileEncoding = 4; lastKnownFileType = sourcecode.swift; path = FUSprite.swift; sourceTree = "<group>"; };
		BFFE79D01E52D23400B1629A /* FUButton.swift */ = {isa = PBXFileReference; fileEncoding = 4; lastKnownFileType = sourcecode.swift; path = FUButton.swift; sourceTree = "<group>"; };
		BFFE79D21E52D36600B1629A /* Game.swift */ = {isa = PBXFileReference; fileEncoding = 4; lastKnownFileType = sourcecode.swift; path = Game.swift; sourceTree = "<group>"; };
/* End PBXFileReference section */

/* Begin PBXFrameworksBuildPhase section */
		BFFE79B11E52CE1400B1629A /* Frameworks */ = {
			isa = PBXFrameworksBuildPhase;
			buildActionMask = 2147483647;
			files = (
			);
			runOnlyForDeploymentPostprocessing = 0;
		};
/* End PBXFrameworksBuildPhase section */

/* Begin PBXGroup section */
		BFFE79AB1E52CE1400B1629A = {
			isa = PBXGroup;
			children = (
				BFFE79B61E52CE1400B1629A /* FUKit */,
				BFFE79B51E52CE1400B1629A /* Products */,
			);
			sourceTree = "<group>";
		};
		BFFE79B51E52CE1400B1629A /* Products */ = {
			isa = PBXGroup;
			children = (
				BFFE79B41E52CE1400B1629A /* FUKit */,
			);
			name = Products;
			sourceTree = "<group>";
		};
		BFFE79B61E52CE1400B1629A /* FUKit */ = {
			isa = PBXGroup;
			children = (
				BFEEF44E1E557D9700A421DF /* readme.md */,
				BFFE79B71E52CE1400B1629A /* main.swift */,
				BFFE79C21E52CE5200B1629A /* FUEvent.swift */,
				BFFE79C41E52CE5D00B1629A /* FUWindow.swift */,
				BFFE79C61E52CE6800B1629A /* FUApplication.swift */,
				BFFE79C81E52CF4000B1629A /* FUResponder.swift */,
				BFFE79CA1E52D05E00B1629A /* FUView.swift */,
				BFFE79CC1E52D12D00B1629A /* FUColor.swift */,
				BFFE79CE1E52D1AF00B1629A /* FUSprite.swift */,
				BFFE79D01E52D23400B1629A /* FUButton.swift */,
				BFFE79D21E52D36600B1629A /* Game.swift */,
				BFFE79BF1E52CE1E00B1629A /* Simulator.h */,
				BFFE79C01E52CE1E00B1629A /* Simulator.m */,
				BFFE79BE1E52CE1D00B1629A /* FUKit-Bridging-Header.h */,
			);
			path = FUKit;
			sourceTree = "<group>";
		};
/* End PBXGroup section */

/* Begin PBXNativeTarget section */
		BFFE79B31E52CE1400B1629A /* FUKit */ = {
			isa = PBXNativeTarget;
			buildConfigurationList = BFFE79BB1E52CE1400B1629A /* Build configuration list for PBXNativeTarget "FUKit" */;
			buildPhases = (
				BFFE79B01E52CE1400B1629A /* Sources */,
				BFFE79B11E52CE1400B1629A /* Frameworks */,
				BFFE79B21E52CE1400B1629A /* CopyFiles */,
			);
			buildRules = (
			);
			dependencies = (
			);
			name = FUKit;
			productName = FUKit;
			productReference = BFFE79B41E52CE1400B1629A /* FUKit */;
			productType = "com.apple.product-type.tool";
		};
/* End PBXNativeTarget section */

/* Begin PBXProject section */
		BFFE79AC1E52CE1400B1629A /* Project object */ = {
			isa = PBXProject;
			attributes = {
				LastSwiftUpdateCheck = 0820;
				LastUpgradeCheck = 0820;
				ORGANIZATIONNAME = "BlackDog Foundry Pty Ltd";
				TargetAttributes = {
					BFFE79B31E52CE1400B1629A = {
						CreatedOnToolsVersion = 8.2.1;
						DevelopmentTeam = 52FL8RJNNL;
						LastSwiftMigration = 0820;
						ProvisioningStyle = Automatic;
					};
				};
			};
			buildConfigurationList = BFFE79AF1E52CE1400B1629A /* Build configuration list for PBXProject "FUKit" */;
			compatibilityVersion = "Xcode 3.2";
			developmentRegion = English;
			hasScannedForEncodings = 0;
			knownRegions = (
				en,
			);
			mainGroup = BFFE79AB1E52CE1400B1629A;
			productRefGroup = BFFE79B51E52CE1400B1629A /* Products */;
			projectDirPath = "";
			projectRoot = "";
			targets = (
				BFFE79B31E52CE1400B1629A /* FUKit */,
			);
		};
/* End PBXProject section */

/* Begin PBXSourcesBuildPhase section */
		BFFE79B01E52CE1400B1629A /* Sources */ = {
			isa = PBXSourcesBuildPhase;
			buildActionMask = 2147483647;
			files = (
				BFFE79D11E52D23400B1629A /* FUButton.swift in Sources */,
				BFFE79C51E52CE5D00B1629A /* FUWindow.swift in Sources */,
				BFFE79C71E52CE6800B1629A /* FUApplication.swift in Sources */,
				BFFE79CD1E52D12D00B1629A /* FUColor.swift in Sources */,
				BFFE79C31E52CE5200B1629A /* FUEvent.swift in Sources */,
				BFFE79C91E52CF4000B1629A /* FUResponder.swift in Sources */,
				BFFE79D31E52D36600B1629A /* Game.swift in Sources */,
				BFFE79CF1E52D1AF00B1629A /* FUSprite.swift in Sources */,
				BFFE79CB1E52D05E00B1629A /* FUView.swift in Sources */,
				BFFE79C11E52CE1E00B1629A /* Simulator.m in Sources */,
				BFFE79B81E52CE1400B1629A /* main.swift in Sources */,
			);
			runOnlyForDeploymentPostprocessing = 0;
		};
/* End PBXSourcesBuildPhase section */

/* Begin XCBuildConfiguration section */
		BFFE79B91E52CE1400B1629A /* Debug */ = {
			isa = XCBuildConfiguration;
			buildSettings = {
				ALWAYS_SEARCH_USER_PATHS = NO;
				CLANG_ANALYZER_NONNULL = YES;
				CLANG_CXX_LANGUAGE_STANDARD = "gnu++0x";
				CLANG_CXX_LIBRARY = "libc++";
				CLANG_ENABLE_MODULES = YES;
				CLANG_ENABLE_OBJC_ARC = YES;
				CLANG_WARN_BOOL_CONVERSION = YES;
				CLANG_WARN_CONSTANT_CONVERSION = YES;
				CLANG_WARN_DIRECT_OBJC_ISA_USAGE = YES_ERROR;
				CLANG_WARN_DOCUMENTATION_COMMENTS = YES;
				CLANG_WARN_EMPTY_BODY = YES;
				CLANG_WARN_ENUM_CONVERSION = YES;
				CLANG_WARN_INFINITE_RECURSION = YES;
				CLANG_WARN_INT_CONVERSION = YES;
				CLANG_WARN_OBJC_ROOT_CLASS = YES_ERROR;
				CLANG_WARN_SUSPICIOUS_MOVE = YES;
				CLANG_WARN_UNREACHABLE_CODE = YES;
				CLANG_WARN__DUPLICATE_METHOD_MATCH = YES;
				CODE_SIGN_IDENTITY = "-";
				COPY_PHASE_STRIP = NO;
				DEBUG_INFORMATION_FORMAT = dwarf;
				ENABLE_STRICT_OBJC_MSGSEND = YES;
				ENABLE_TESTABILITY = YES;
				GCC_C_LANGUAGE_STANDARD = gnu99;
				GCC_DYNAMIC_NO_PIC = NO;
				GCC_NO_COMMON_BLOCKS = YES;
				GCC_OPTIMIZATION_LEVEL = 0;
				GCC_PREPROCESSOR_DEFINITIONS = (
					"DEBUG=1",
					"$(inherited)",
				);
				GCC_WARN_64_TO_32_BIT_CONVERSION = YES;
				GCC_WARN_ABOUT_RETURN_TYPE = YES_ERROR;
				GCC_WARN_UNDECLARED_SELECTOR = YES;
				GCC_WARN_UNINITIALIZED_AUTOS = YES_AGGRESSIVE;
				GCC_WARN_UNUSED_FUNCTION = YES;
				GCC_WARN_UNUSED_VARIABLE = YES;
				MACOSX_DEPLOYMENT_TARGET = 10.11;
				MTL_ENABLE_DEBUG_INFO = YES;
				ONLY_ACTIVE_ARCH = YES;
				SDKROOT = macosx;
				SWIFT_OPTIMIZATION_LEVEL = "-Onone";
			};
			name = Debug;
		};
		BFFE79BA1E52CE1400B1629A /* Release */ = {
			isa = XCBuildConfiguration;
			buildSettings = {
				ALWAYS_SEARCH_USER_PATHS = NO;
				CLANG_ANALYZER_NONNULL = YES;
				CLANG_CXX_LANGUAGE_STANDARD = "gnu++0x";
				CLANG_CXX_LIBRARY = "libc++";
				CLANG_ENABLE_MODULES = YES;
				CLANG_ENABLE_OBJC_ARC = YES;
				CLANG_WARN_BOOL_CONVERSION = YES;
				CLANG_WARN_CONSTANT_CONVERSION = YES;
				CLANG_WARN_DIRECT_OBJC_ISA_USAGE = YES_ERROR;
				CLANG_WARN_DOCUMENTATION_COMMENTS = YES;
				CLANG_WARN_EMPTY_BODY = YES;
				CLANG_WARN_ENUM_CONVERSION = YES;
				CLANG_WARN_INFINITE_RECURSION = YES;
				CLANG_WARN_INT_CONVERSION = YES;
				CLANG_WARN_OBJC_ROOT_CLASS = YES_ERROR;
				CLANG_WARN_SUSPICIOUS_MOVE = YES;
				CLANG_WARN_UNREACHABLE_CODE = YES;
				CLANG_WARN__DUPLICATE_METHOD_MATCH = YES;
				CODE_SIGN_IDENTITY = "-";
				COPY_PHASE_STRIP = NO;
				DEBUG_INFORMATION_FORMAT = "dwarf-with-dsym";
				ENABLE_NS_ASSERTIONS = NO;
				ENABLE_STRICT_OBJC_MSGSEND = YES;
				GCC_C_LANGUAGE_STANDARD = gnu99;
				GCC_NO_COMMON_BLOCKS = YES;
				GCC_WARN_64_TO_32_BIT_CONVERSION = YES;
				GCC_WARN_ABOUT_RETURN_TYPE = YES_ERROR;
				GCC_WARN_UNDECLARED_SELECTOR = YES;
				GCC_WARN_UNINITIALIZED_AUTOS = YES_AGGRESSIVE;
				GCC_WARN_UNUSED_FUNCTION = YES;
				GCC_WARN_UNUSED_VARIABLE = YES;
				MACOSX_DEPLOYMENT_TARGET = 10.11;
				MTL_ENABLE_DEBUG_INFO = NO;
				SDKROOT = macosx;
			};
			name = Release;
		};
		BFFE79BC1E52CE1400B1629A /* Debug */ = {
			isa = XCBuildConfiguration;
			buildSettings = {
				CLANG_ENABLE_MODULES = YES;
				DEVELOPMENT_TEAM = 52FL8RJNNL;
				LD_RUNPATH_SEARCH_PATHS = "$(inherited) @executable_path/../Frameworks @loader_path/../Frameworks";
				PRODUCT_NAME = "$(TARGET_NAME)";
				SWIFT_OBJC_BRIDGING_HEADER = "FUKit/FUKit-Bridging-Header.h";
				SWIFT_OPTIMIZATION_LEVEL = "-Onone";
				SWIFT_VERSION = 3.0;
			};
			name = Debug;
		};
		BFFE79BD1E52CE1400B1629A /* Release */ = {
			isa = XCBuildConfiguration;
			buildSettings = {
				CLANG_ENABLE_MODULES = YES;
				DEVELOPMENT_TEAM = 52FL8RJNNL;
				LD_RUNPATH_SEARCH_PATHS = "$(inherited) @executable_path/../Frameworks @loader_path/../Frameworks";
				PRODUCT_NAME = "$(TARGET_NAME)";
				SWIFT_OBJC_BRIDGING_HEADER = "FUKit/FUKit-Bridging-Header.h";
				SWIFT_VERSION = 3.0;
			};
			name = Release;
		};
/* End XCBuildConfiguration section */

/* Begin XCConfigurationList section */
		BFFE79AF1E52CE1400B1629A /* Build configuration list for PBXProject "FUKit" */ = {
			isa = XCConfigurationList;
			buildConfigurations = (
				BFFE79B91E52CE1400B1629A /* Debug */,
				BFFE79BA1E52CE1400B1629A /* Release */,
			);
			defaultConfigurationIsVisible = 0;
			defaultConfigurationName = Release;
		};
		BFFE79BB1E52CE1400B1629A /* Build configuration list for PBXNativeTarget "FUKit" */ = {
			isa = XCConfigurationList;
			buildConfigurations = (
				BFFE79BC1E52CE1400B1629A /* Debug */,
				BFFE79BD1E52CE1400B1629A /* Release */,
			);
			defaultConfigurationIsVisible = 0;
			defaultConfigurationName = Release;
		};
/* End XCConfigurationList section */
	};
	rootObject = BFFE79AC1E52CE1400B1629A /* Project object */;
}
